# @generated by Move, please check-in and do not edit manually.

[move]
version = 2
manifest_digest = "BBE97031FBAB2E86E8FFD710D4C4DFF7B045F4E42E0C3176EC17E56C731053ED"
deps_digest = "060AD7E57DFB13104F21BE5F5C3759D03F0553FC3229247D9A7A6B45F50D03A3"
dependencies = [
  { name = "Iota" },
  { name = "MoveStdlib" },
  { name = "Stardust" },
]

[[move.package]]
name = "Iota"
source = { git = "https://github.com/iotaledger/iota.git", rev = "92e66937111c27820e09502dbcb75382835a56e6", subdir = "crates/iota-framework/packages/iota-framework" }

dependencies = [
  { name = "MoveStdlib" },
]

[[move.package]]
name = "MoveStdlib"
source = { git = "https://github.com/iotaledger/iota.git", rev = "92e66937111c27820e09502dbcb75382835a56e6", subdir = "crates/iota-framework/packages/move-stdlib" }

[[move.package]]
name = "Stardust"
source = { git = "https://github.com/iotaledger/iota.git", rev = "92e66937111c27820e09502dbcb75382835a56e6", subdir = "crates/iota-framework/packages/stardust" }

dependencies = [
  { name = "Iota" },
  { name = "MoveStdlib" },
]

[move.toolchain-version]
compiler-version = "0.8.1-rc"
edition = "2024.beta"
flavor = "iota"

[env]

[env.localnet]
chain-id = "91f75127"
original-published-id = "0xbbfad0bff63ebe02c6de79e2e3650c990a2b47fe93c63d2d5afb83d89c41ecb3"
latest-published-id = "0xbbfad0bff63ebe02c6de79e2e3650c990a2b47fe93c63d2d5afb83d89c41ecb3"
published-version = "1"
