# @generated by Move, please check-in and do not edit manually.

[move]
version = 3
manifest_digest = "2AC13588ECD78A4E6C95EEA0039A16906DB365A1335745183D37046AA3271078"
deps_digest = "3C4103934B1E040BB6B23F1D610B4EF9F2F1166A50A104EADCF77467C004C600"
dependencies = [
  { id = "Iota", name = "Iota" },
  { id = "MoveStdlib", name = "MoveStdlib" },
]

[[move.package]]
id = "Iota"
source = { git = "https://github.com/iotaledger/iota.git", rev = "92e66937111c27820e09502dbcb75382835a56e6", subdir = "crates/iota-framework/packages/iota-framework" }

dependencies = [
  { id = "MoveStdlib", name = "MoveStdlib" },
]

[[move.package]]
id = "MoveStdlib"
source = { git = "https://github.com/iotaledger/iota.git", rev = "92e66937111c27820e09502dbcb75382835a56e6", subdir = "crates/iota-framework/packages/move-stdlib" }

[move.toolchain-version]
compiler-version = "0.11.4-rc"
edition = "2024.beta"
flavor = "iota"

[env]

[env.localnet]
chain-id = "eb836357"
original-published-id = "0xaaee1285661f69d99149760ef7fd80fac09f05949fe6e9f0b30fe0c37cacfe45"
latest-published-id = "0xaaee1285661f69d99149760ef7fd80fac09f05949fe6e9f0b30fe0c37cacfe45"
published-version = "1"

[env.devnet]
chain-id = "e678123a"
original-published-id = "0x0d88bcecde97585d50207a029a85d7ea0bacf73ab741cbaa975a6e279251033a"
latest-published-id = "0x0d88bcecde97585d50207a029a85d7ea0bacf73ab741cbaa975a6e279251033a"
published-version = "1"

[env.testnet]
chain-id = "2304aa97"
original-published-id = "0xc942544512ab2d24ba4490c892fb615aafe9ba49b9c831196d6ff55ae6c16563"
latest-published-id = "0xc942544512ab2d24ba4490c892fb615aafe9ba49b9c831196d6ff55ae6c16563"
published-version = "1"
