# @generated by Move, please check-in and do not edit manually.

[move]
version = 3
manifest_digest = "4335EA32C4FFBB52925C633AEEC4F338234D7AF74410DA6DC90E13E17040C806"
deps_digest = "3C4103934B1E040BB6B23F1D610B4EF9F2F1166A50A104EADCF77467C004C600"
dependencies = [
  { id = "Iota", name = "Iota" },
  { id = "MoveStdlib", name = "MoveStdlib" },
]

[[move.package]]
id = "Iota"
source = { git = "https://github.com/iotaledger/iota.git", rev = "21768a84e4fe2815ea7f674db645269ae8546d07", subdir = "crates/iota-framework/packages/iota-framework" }

dependencies = [
  { id = "MoveStdlib", name = "MoveStdlib" },
]

[[move.package]]
id = "MoveStdlib"
source = { git = "https://github.com/iotaledger/iota.git", rev = "21768a84e4fe2815ea7f674db645269ae8546d07", subdir = "crates/iota-framework/packages/move-stdlib" }

[move.toolchain-version]
compiler-version = "0.11.4-rc"
edition = "2024.beta"
flavor = "iota"

[env]

[env.localnet]
chain-id = "eb836357"
original-published-id = "0xaaee1285661f69d99149760ef7fd80fac09f05949fe6e9f0b30fe0c37cacfe45"
latest-published-id = "0xaaee1285661f69d99149760ef7fd80fac09f05949fe6e9f0b30fe0c37cacfe45"
published-version = "1"

[env.devnet]
chain-id = "e678123a"
original-published-id = "0x0d88bcecde97585d50207a029a85d7ea0bacf73ab741cbaa975a6e279251033a"
latest-published-id = "0x0d88bcecde97585d50207a029a85d7ea0bacf73ab741cbaa975a6e279251033a"
published-version = "1"

[env.testnet]
chain-id = "2304aa97"
original-published-id = "0xd19735f16a31930d3240049baead005704a407bd677cb2b89f245a4870a10467"
latest-published-id = "0xd19735f16a31930d3240049baead005704a407bd677cb2b89f245a4870a10467"
published-version = "1"
