# @generated by Move, please check-in and do not edit manually.

[move]
version = 3
manifest_digest = "422D3FFBD15EC8EA0554B7218998B1BA83CCBF863C31CFEEEAA76F693116C4C2"
deps_digest = "397E6A9F7A624706DBDFEE056CE88391A15876868FD18A88504DA74EB458D697"
dependencies = [
  { id = "Iota", name = "Iota" },
  { id = "IotaSystem", name = "IotaSystem" },
  { id = "MoveStdlib", name = "MoveStdlib" },
  { id = "Stardust", name = "Stardust" },
  { id = "TfComponents", name = "TfComponents" },
]

[[move.package]]
id = "Iota"
source = { git = "https://github.com/iotaledger/iota.git", rev = "34824a6fbe7071a8e4044b768a3294f8a4a34e5e", subdir = "crates/iota-framework/packages/iota-framework" }

dependencies = [
  { id = "MoveStdlib", name = "MoveStdlib" },
]

[[move.package]]
id = "IotaSystem"
source = { git = "https://github.com/iotaledger/iota.git", rev = "34824a6fbe7071a8e4044b768a3294f8a4a34e5e", subdir = "crates/iota-framework/packages/iota-system" }

dependencies = [
  { id = "Iota", name = "Iota" },
  { id = "MoveStdlib", name = "MoveStdlib" },
]

[[move.package]]
id = "MoveStdlib"
source = { git = "https://github.com/iotaledger/iota.git", rev = "34824a6fbe7071a8e4044b768a3294f8a4a34e5e", subdir = "crates/iota-framework/packages/move-stdlib" }

[[move.package]]
id = "Stardust"
source = { git = "https://github.com/iotaledger/iota.git", rev = "34824a6fbe7071a8e4044b768a3294f8a4a34e5e", subdir = "crates/iota-framework/packages/stardust" }

dependencies = [
  { id = "Iota", name = "Iota" },
  { id = "MoveStdlib", name = "MoveStdlib" },
]

[[move.package]]
id = "TfComponents"
source = { git = "https://github.com/iotaledger/product-core.git", rev = "v0.8.19", subdir = "components_move" }

dependencies = [
  { id = "Iota", name = "Iota" },
  { id = "IotaSystem", name = "IotaSystem" },
  { id = "MoveStdlib", name = "MoveStdlib" },
  { id = "Stardust", name = "Stardust" },
]

[move.toolchain-version]
compiler-version = "1.24.0-beta"
edition = "2024.beta"
flavor = "iota"

[env]

[env.localnet]
chain-id = "4c9c65c9"
original-published-id = "0x567c1e6c76db3b47826019f15818c747e0a2588d428e00c13863bcf683ec5bbe"
latest-published-id = "0x567c1e6c76db3b47826019f15818c747e0a2588d428e00c13863bcf683ec5bbe"
published-version = "1"

[env.testnet]
chain-id = "2304aa97"
original-published-id = "0x51368931f28620c7f65b4ae2c5167b42390e69729357a6347be378755b46e7df"
latest-published-id = "0x51368931f28620c7f65b4ae2c5167b42390e69729357a6347be378755b46e7df"
published-version = "1"

[env.devnet]
chain-id = "daf90477"
original-published-id = "0x42550eab2785cca0f825289176fd92074d92b2ad8bf2f226d24f4f3e16720f84"
latest-published-id = "0x42550eab2785cca0f825289176fd92074d92b2ad8bf2f226d24f4f3e16720f84"
published-version = "1"
