# @generated by Move, please check-in and do not edit manually.

[move]
version = 3
manifest_digest = "F2B4163DBAC14E8E7B58437714EE2902F08812C1A053496961F3557F0DD54E86"
deps_digest = "397E6A9F7A624706DBDFEE056CE88391A15876868FD18A88504DA74EB458D697"
dependencies = [
  { id = "Iota", name = "Iota" },
  { id = "IotaSystem", name = "IotaSystem" },
  { id = "MoveStdlib", name = "MoveStdlib" },
  { id = "Stardust", name = "Stardust" },
  { id = "TfComponents", name = "TfComponents" },
]

[[move.package]]
id = "Iota"
source = { git = "https://github.com/iotaledger/iota.git", rev = "e694e2ee8f2f9f0b9b03b843a24ff0f7bcff2930", subdir = "crates/iota-framework/packages/iota-framework" }

dependencies = [
  { id = "MoveStdlib", name = "MoveStdlib" },
]

[[move.package]]
id = "IotaSystem"
source = { git = "https://github.com/iotaledger/iota.git", rev = "e694e2ee8f2f9f0b9b03b843a24ff0f7bcff2930", subdir = "crates/iota-framework/packages/iota-system" }

dependencies = [
  { id = "Iota", name = "Iota" },
  { id = "MoveStdlib", name = "MoveStdlib" },
]

[[move.package]]
id = "MoveStdlib"
source = { git = "https://github.com/iotaledger/iota.git", rev = "e694e2ee8f2f9f0b9b03b843a24ff0f7bcff2930", subdir = "crates/iota-framework/packages/move-stdlib" }

[[move.package]]
id = "Stardust"
source = { git = "https://github.com/iotaledger/iota.git", rev = "e694e2ee8f2f9f0b9b03b843a24ff0f7bcff2930", subdir = "crates/iota-framework/packages/stardust" }

dependencies = [
  { id = "Iota", name = "Iota" },
  { id = "MoveStdlib", name = "MoveStdlib" },
]

[[move.package]]
id = "TfComponents"
source = { git = "https://github.com/iotaledger/product-core.git", rev = "feat/emit-events-for-capabilities", subdir = "components_move" }

dependencies = [
  { id = "Iota", name = "Iota" },
  { id = "IotaSystem", name = "IotaSystem" },
  { id = "MoveStdlib", name = "MoveStdlib" },
  { id = "Stardust", name = "Stardust" },
]

[move.toolchain-version]
compiler-version = "1.16.2"
edition = "2024.beta"
flavor = "iota"

[env]

[env.localnet]
chain-id = "b57328de"
original-published-id = "0xfe34e5f97cde357574f7752734dce38cc0237ac14908509280baa92d435c6892"
latest-published-id = "0xfe34e5f97cde357574f7752734dce38cc0237ac14908509280baa92d435c6892"
published-version = "1"
