# @generated by Move, please check-in and do not edit manually.

[move]
version = 3
manifest_digest = "2E3FF0C8C2529AC5F5521920800D3385F4B722FF03E524F5AF757E81CA710024"
deps_digest = "F9B494B64F0615AED0E98FC12A85B85ECD2BC5185C22D30E7F67786BB52E507C"
dependencies = [
  { id = "Iota", name = "Iota" },
  { id = "IotaSystem", name = "IotaSystem" },
  { id = "MoveStdlib", name = "MoveStdlib" },
  { id = "Stardust", name = "Stardust" },
]

[[move.package]]
id = "Iota"
source = { git = "https://github.com/iotaledger/iota.git", rev = "bc1cbaf1049b94dde6f0b0cb9af89547132194c3", subdir = "crates/iota-framework/packages/iota-framework" }

dependencies = [
  { id = "MoveStdlib", name = "MoveStdlib" },
]

[[move.package]]
id = "IotaSystem"
source = { git = "https://github.com/iotaledger/iota.git", rev = "bc1cbaf1049b94dde6f0b0cb9af89547132194c3", subdir = "crates/iota-framework/packages/iota-system" }

dependencies = [
  { id = "Iota", name = "Iota" },
  { id = "MoveStdlib", name = "MoveStdlib" },
]

[[move.package]]
id = "MoveStdlib"
source = { git = "https://github.com/iotaledger/iota.git", rev = "bc1cbaf1049b94dde6f0b0cb9af89547132194c3", subdir = "crates/iota-framework/packages/move-stdlib" }

[[move.package]]
id = "Stardust"
source = { git = "https://github.com/iotaledger/iota.git", rev = "bc1cbaf1049b94dde6f0b0cb9af89547132194c3", subdir = "crates/iota-framework/packages/stardust" }

dependencies = [
  { id = "Iota", name = "Iota" },
  { id = "MoveStdlib", name = "MoveStdlib" },
]

[move.toolchain-version]
compiler-version = "1.7.0"
edition = "2024.beta"
flavor = "iota"

[env]

[env.localnet]
chain-id = "fb230e5b"
original-published-id = "0xb02cc7a0846b0cc12877559b43bf67a1df97c2e53fe8a989145cce78b513bdf3"
latest-published-id = "0xb02cc7a0846b0cc12877559b43bf67a1df97c2e53fe8a989145cce78b513bdf3"
published-version = "1"

[env.devnet]
chain-id = "e678123a"
original-published-id = "0x0d88bcecde97585d50207a029a85d7ea0bacf73ab741cbaa975a6e279251033a"
latest-published-id = "0x0d88bcecde97585d50207a029a85d7ea0bacf73ab741cbaa975a6e279251033a"
published-version = "1"

[env.testnet]
chain-id = "2304aa97"
original-published-id = "0x00412bd469b7f980227c6c574090348239852e43aa07818b315854fdd8a2d25f"
latest-published-id = "0x00412bd469b7f980227c6c574090348239852e43aa07818b315854fdd8a2d25f"
published-version = "1"

[env.mainnet]
chain-id = "6364aad5"
original-published-id = "0x909ce9dcd9a5e97b7b8884fac8e018fad9dece348bf73837379b8694ff684cf3"
latest-published-id = "0x909ce9dcd9a5e97b7b8884fac8e018fad9dece348bf73837379b8694ff684cf3"
published-version = "1"
