# @generated by Move, please check-in and do not edit manually.

[move]
version = 3
manifest_digest = "8019AAD757782B3104C1350C12F73AA444CDAA9B3E4B40A2468C3DA235715C42"
deps_digest = "397E6A9F7A624706DBDFEE056CE88391A15876868FD18A88504DA74EB458D697"
dependencies = [
  { id = "Iota", name = "Iota" },
  { id = "IotaSystem", name = "IotaSystem" },
  { id = "MoveStdlib", name = "MoveStdlib" },
  { id = "Stardust", name = "Stardust" },
  { id = "tf_components", name = "tf_components" },
]

[[move.package]]
id = "Iota"
source = { git = "https://github.com/iotaledger/iota.git", rev = "4698c6723208e052a00c74602d2c8dc0efffe5de", subdir = "crates/iota-framework/packages/iota-framework" }

dependencies = [
  { id = "MoveStdlib", name = "MoveStdlib" },
]

[[move.package]]
id = "IotaSystem"
source = { git = "https://github.com/iotaledger/iota.git", rev = "4698c6723208e052a00c74602d2c8dc0efffe5de", subdir = "crates/iota-framework/packages/iota-system" }

dependencies = [
  { id = "Iota", name = "Iota" },
  { id = "MoveStdlib", name = "MoveStdlib" },
]

[[move.package]]
id = "MoveStdlib"
source = { git = "https://github.com/iotaledger/iota.git", rev = "4698c6723208e052a00c74602d2c8dc0efffe5de", subdir = "crates/iota-framework/packages/move-stdlib" }

[[move.package]]
id = "Stardust"
source = { git = "https://github.com/iotaledger/iota.git", rev = "4698c6723208e052a00c74602d2c8dc0efffe5de", subdir = "crates/iota-framework/packages/stardust" }

dependencies = [
  { id = "Iota", name = "Iota" },
  { id = "MoveStdlib", name = "MoveStdlib" },
]

[[move.package]]
id = "tf_components"
source = { git = "https://github.com/iotaledger/product-core.git", rev = "feat/role-map", subdir = "components_move" }

dependencies = [
  { id = "Iota", name = "Iota" },
  { id = "IotaSystem", name = "IotaSystem" },
  { id = "MoveStdlib", name = "MoveStdlib" },
  { id = "Stardust", name = "Stardust" },
]

[move.toolchain-version]
compiler-version = "1.14.1"
edition = "2024.beta"
flavor = "iota"

[env]

[env.localnet]
chain-id = "ecc0606a"
original-published-id = "0xfbddb4631d027b2c4f0b4b90c020713d258ed32bdb342b5397f4da71edb7478a"
latest-published-id = "0xfbddb4631d027b2c4f0b4b90c020713d258ed32bdb342b5397f4da71edb7478a"
published-version = "1"

[env.devnet]
chain-id = "e678123a"
original-published-id = "0x0d88bcecde97585d50207a029a85d7ea0bacf73ab741cbaa975a6e279251033a"
latest-published-id = "0x0d88bcecde97585d50207a029a85d7ea0bacf73ab741cbaa975a6e279251033a"
published-version = "1"

[env.testnet]
chain-id = "2304aa97"
original-published-id = "0x00412bd469b7f980227c6c574090348239852e43aa07818b315854fdd8a2d25f"
latest-published-id = "0x00412bd469b7f980227c6c574090348239852e43aa07818b315854fdd8a2d25f"
published-version = "1"

[env.mainnet]
chain-id = "6364aad5"
original-published-id = "0x909ce9dcd9a5e97b7b8884fac8e018fad9dece348bf73837379b8694ff684cf3"
latest-published-id = "0x909ce9dcd9a5e97b7b8884fac8e018fad9dece348bf73837379b8694ff684cf3"
published-version = "1"
