# @generated by Move, please check-in and do not edit manually.

[move]
version = 3
manifest_digest = "E9A6D086A32F3FE404BB1568C9BD78226D57BBECBDC4286F9ABC56F6F76FB5C8"
deps_digest = "3C4103934B1E040BB6B23F1D610B4EF9F2F1166A50A104EADCF77467C004C600"
dependencies = [
  { id = "Iota", name = "Iota" },
  { id = "MoveStdlib", name = "MoveStdlib" },
]

[[move.package]]
id = "Iota"
source = { git = "https://github.com/iotaledger/iota.git", rev = "80fc853da5811f842be7bf749d6a981a17c9e565", subdir = "crates/iota-framework/packages/iota-framework" }

dependencies = [
  { id = "MoveStdlib", name = "MoveStdlib" },
]

[[move.package]]
id = "MoveStdlib"
source = { git = "https://github.com/iotaledger/iota.git", rev = "80fc853da5811f842be7bf749d6a981a17c9e565", subdir = "crates/iota-framework/packages/move-stdlib" }

[move.toolchain-version]
compiler-version = "1.1.0"
edition = "2024.beta"
flavor = "iota"

[env]

[env.localnet]
chain-id = "c7a0abbd"
original-published-id = "0x3cb59fb212b83ee62dd6258025fcbe0332ca156ceb8d5d85fe9b9a6cf066c4ab"
latest-published-id = "0x3cb59fb212b83ee62dd6258025fcbe0332ca156ceb8d5d85fe9b9a6cf066c4ab"
published-version = "1"

[env.devnet]
chain-id = "e678123a"
original-published-id = "0x0d88bcecde97585d50207a029a85d7ea0bacf73ab741cbaa975a6e279251033a"
latest-published-id = "0x0d88bcecde97585d50207a029a85d7ea0bacf73ab741cbaa975a6e279251033a"
published-version = "1"

[env.testnet]
chain-id = "2304aa97"
original-published-id = "0xd19735f16a31930d3240049baead005704a407bd677cb2b89f245a4870a10467"
latest-published-id = "0xd19735f16a31930d3240049baead005704a407bd677cb2b89f245a4870a10467"
published-version = "1"
